// !$*UTF8*$!
{
	archiveVersion = 1;
	classes = {
	};
	objectVersion = 50;
	objects = {

/* Begin PBXBuildFile section */
		41284B35265C09070057F68E /* AppDelegate.swift in Sources */ = {isa = PBXBuildFile; fileRef = 41284B34265C09070057F68E /* AppDelegate.swift */; };
		41284B37265C09070057F68E /* SceneDelegate.swift in Sources */ = {isa = PBXBuildFile; fileRef = 41284B36265C09070057F68E /* SceneDelegate.swift */; };
		41284B39265C09070057F68E /* ListingViewController.swift in Sources */ = {isa = PBXBuildFile; fileRef = 41284B38265C09070057F68E /* ListingViewController.swift */; };
		41284B3C265C09070057F68E /* Main.storyboard in Resources */ = {isa = PBXBuildFile; fileRef = 41284B3A265C09070057F68E /* Main.storyboard */; };
		41284B3E265C09080057F68E /* Assets.xcassets in Resources */ = {isa = PBXBuildFile; fileRef = 41284B3D265C09080057F68E /* Assets.xcassets */; };
		41284B41265C09080057F68E /* LaunchScreen.storyboard in Resources */ = {isa = PBXBuildFile; fileRef = 41284B3F265C09080057F68E /* LaunchScreen.storyboard */; };
		41284B4C265C14BB0057F68E /* ListingCell.swift in Sources */ = {isa = PBXBuildFile; fileRef = 41284B4A265C14BB0057F68E /* ListingCell.swift */; };
		41284B4D265C14BB0057F68E /* ListingCell.xib in Resources */ = {isa = PBXBuildFile; fileRef = 41284B4B265C14BB0057F68E /* ListingCell.xib */; };
		41284B4F265C2FDC0057F68E /* UITableView+Extensions.swift in Sources */ = {isa = PBXBuildFile; fileRef = 41284B4E265C2FDC0057F68E /* UITableView+Extensions.swift */; };
		415815E12669391C00EE9F9B /* ListingControllerModel.swift in Sources */ = {isa = PBXBuildFile; fileRef = 415815E02669391C00EE9F9B /* ListingControllerModel.swift */; };
		415815E62669573D00EE9F9B /* CommentViewController.swift in Sources */ = {isa = PBXBuildFile; fileRef = 415815E42669573D00EE9F9B /* CommentViewController.swift */; };
		415815E72669573D00EE9F9B /* CommentViewController.xib in Resources */ = {isa = PBXBuildFile; fileRef = 415815E52669573D00EE9F9B /* CommentViewController.xib */; };
		41769D112665649D00983957 /* UILabel+Extensions.swift in Sources */ = {isa = PBXBuildFile; fileRef = 41769D102665649D00983957 /* UILabel+Extensions.swift */; };
		41A2DBBC266E836400F1BD07 /* LoginViewController.xib in Resources */ = {isa = PBXBuildFile; fileRef = 41A2DBBA266E836400F1BD07 /* LoginViewController.xib */; };
		41A2DBBD266E836400F1BD07 /* LoginViewController.swift in Sources */ = {isa = PBXBuildFile; fileRef = 41A2DBBB266E836400F1BD07 /* LoginViewController.swift */; };
		41A2DBBF266E93FE00F1BD07 /* NewString+Extension.swift in Sources */ = {isa = PBXBuildFile; fileRef = 41A2DBBE266E93FE00F1BD07 /* NewString+Extension.swift */; };
		41A2DBC2266EA06300F1BD07 /* MainTabBar.swift in Sources */ = {isa = PBXBuildFile; fileRef = 41A2DBC1266EA06300F1BD07 /* MainTabBar.swift */; };
		41C36EA62672746D008BE270 /* ProfileViewController.swift in Sources */ = {isa = PBXBuildFile; fileRef = 41C36EA52672746D008BE270 /* ProfileViewController.swift */; };
		41C36EAE2672812E008BE270 /* ProfileMainInfoCell.swift in Sources */ = {isa = PBXBuildFile; fileRef = 41C36EAC2672812E008BE270 /* ProfileMainInfoCell.swift */; };
		41C36EAF2672812E008BE270 /* ProfileMainInfoCell.xib in Resources */ = {isa = PBXBuildFile; fileRef = 41C36EAD2672812E008BE270 /* ProfileMainInfoCell.xib */; };
		41C36EB62677BCD0008BE270 /* ProfilePhotosCell.swift in Sources */ = {isa = PBXBuildFile; fileRef = 41C36EB42677BCCF008BE270 /* ProfilePhotosCell.swift */; };
		41C36EB72677BCD0008BE270 /* ProfilePhotosCell.xib in Resources */ = {isa = PBXBuildFile; fileRef = 41C36EB52677BCD0008BE270 /* ProfilePhotosCell.xib */; };
		41C36EBA2677C3D2008BE270 /* PhotoCollectionViewCell.swift in Sources */ = {isa = PBXBuildFile; fileRef = 41C36EB82677C3D2008BE270 /* PhotoCollectionViewCell.swift */; };
		41C36EBB2677C3D2008BE270 /* PhotoCollectionViewCell.xib in Resources */ = {isa = PBXBuildFile; fileRef = 41C36EB92677C3D2008BE270 /* PhotoCollectionViewCell.xib */; };
		41C36EC3267BC6A6008BE270 /* FullPhotoNewController.xib in Resources */ = {isa = PBXBuildFile; fileRef = 41C36EC1267BC6A6008BE270 /* FullPhotoNewController.xib */; };
		41C36EC4267BC6A6008BE270 /* FullPhotoNewController.swift in Sources */ = {isa = PBXBuildFile; fileRef = 41C36EC2267BC6A6008BE270 /* FullPhotoNewController.swift */; };
/* End PBXBuildFile section */

/* Begin PBXFileReference section */
		41284B31265C09070057F68E /* LikePhoto.app */ = {isa = PBXFileReference; explicitFileType = wrapper.application; includeInIndex = 0; path = LikePhoto.app; sourceTree = BUILT_PRODUCTS_DIR; };
		41284B34265C09070057F68E /* AppDelegate.swift */ = {isa = PBXFileReference; lastKnownFileType = sourcecode.swift; path = AppDelegate.swift; sourceTree = "<group>"; };
		41284B36265C09070057F68E /* SceneDelegate.swift */ = {isa = PBXFileReference; lastKnownFileType = sourcecode.swift; path = SceneDelegate.swift; sourceTree = "<group>"; };
		41284B38265C09070057F68E /* ListingViewController.swift */ = {isa = PBXFileReference; lastKnownFileType = sourcecode.swift; path = ListingViewController.swift; sourceTree = "<group>"; };
		41284B3B265C09070057F68E /* Base */ = {isa = PBXFileReference; lastKnownFileType = file.storyboard; name = Base; path = Base.lproj/Main.storyboard; sourceTree = "<group>"; };
		41284B3D265C09080057F68E /* Assets.xcassets */ = {isa = PBXFileReference; lastKnownFileType = folder.assetcatalog; path = Assets.xcassets; sourceTree = "<group>"; };
		41284B40265C09080057F68E /* Base */ = {isa = PBXFileReference; lastKnownFileType = file.storyboard; name = Base; path = Base.lproj/LaunchScreen.storyboard; sourceTree = "<group>"; };
		41284B42265C09080057F68E /* Info.plist */ = {isa = PBXFileReference; lastKnownFileType = text.plist.xml; path = Info.plist; sourceTree = "<group>"; };
		41284B4A265C14BB0057F68E /* ListingCell.swift */ = {isa = PBXFileReference; lastKnownFileType = sourcecode.swift; path = ListingCell.swift; sourceTree = "<group>"; };
		41284B4B265C14BB0057F68E /* ListingCell.xib */ = {isa = PBXFileReference; lastKnownFileType = file.xib; path = ListingCell.xib; sourceTree = "<group>"; };
		41284B4E265C2FDC0057F68E /* UITableView+Extensions.swift */ = {isa = PBXFileReference; lastKnownFileType = sourcecode.swift; path = "UITableView+Extensions.swift"; sourceTree = "<group>"; };
		415815E02669391C00EE9F9B /* ListingControllerModel.swift */ = {isa = PBXFileReference; lastKnownFileType = sourcecode.swift; path = ListingControllerModel.swift; sourceTree = "<group>"; };
		415815E42669573D00EE9F9B /* CommentViewController.swift */ = {isa = PBXFileReference; lastKnownFileType = sourcecode.swift; path = CommentViewController.swift; sourceTree = "<group>"; };
		415815E52669573D00EE9F9B /* CommentViewController.xib */ = {isa = PBXFileReference; lastKnownFileType = file.xib; path = CommentViewController.xib; sourceTree = "<group>"; };
		41769D102665649D00983957 /* UILabel+Extensions.swift */ = {isa = PBXFileReference; lastKnownFileType = sourcecode.swift; path = "UILabel+Extensions.swift"; sourceTree = "<group>"; };
		41A2DBBA266E836400F1BD07 /* LoginViewController.xib */ = {isa = PBXFileReference; fileEncoding = 4; lastKnownFileType = file.xib; path = LoginViewController.xib; sourceTree = "<group>"; };
		41A2DBBB266E836400F1BD07 /* LoginViewController.swift */ = {isa = PBXFileReference; fileEncoding = 4; lastKnownFileType = sourcecode.swift; path = LoginViewController.swift; sourceTree = "<group>"; };
		41A2DBBE266E93FE00F1BD07 /* NewString+Extension.swift */ = {isa = PBXFileReference; lastKnownFileType = sourcecode.swift; path = "NewString+Extension.swift"; sourceTree = "<group>"; };
		41A2DBC1266EA06300F1BD07 /* MainTabBar.swift */ = {isa = PBXFileReference; lastKnownFileType = sourcecode.swift; path = MainTabBar.swift; sourceTree = "<group>"; };
		41C36EA52672746D008BE270 /* ProfileViewController.swift */ = {isa = PBXFileReference; lastKnownFileType = sourcecode.swift; path = ProfileViewController.swift; sourceTree = "<group>"; };
		41C36EAC2672812E008BE270 /* ProfileMainInfoCell.swift */ = {isa = PBXFileReference; fileEncoding = 4; lastKnownFileType = sourcecode.swift; path = ProfileMainInfoCell.swift; sourceTree = "<group>"; };
		41C36EAD2672812E008BE270 /* ProfileMainInfoCell.xib */ = {isa = PBXFileReference; fileEncoding = 4; lastKnownFileType = file.xib; path = ProfileMainInfoCell.xib; sourceTree = "<group>"; };
		41C36EB42677BCCF008BE270 /* ProfilePhotosCell.swift */ = {isa = PBXFileReference; lastKnownFileType = sourcecode.swift; path = ProfilePhotosCell.swift; sourceTree = "<group>"; };
		41C36EB52677BCD0008BE270 /* ProfilePhotosCell.xib */ = {isa = PBXFileReference; lastKnownFileType = file.xib; path = ProfilePhotosCell.xib; sourceTree = "<group>"; };
		41C36EB82677C3D2008BE270 /* PhotoCollectionViewCell.swift */ = {isa = PBXFileReference; lastKnownFileType = sourcecode.swift; path = PhotoCollectionViewCell.swift; sourceTree = "<group>"; };
		41C36EB92677C3D2008BE270 /* PhotoCollectionViewCell.xib */ = {isa = PBXFileReference; lastKnownFileType = file.xib; path = PhotoCollectionViewCell.xib; sourceTree = "<group>"; };
		41C36EC1267BC6A6008BE270 /* FullPhotoNewController.xib */ = {isa = PBXFileReference; fileEncoding = 4; lastKnownFileType = file.xib; path = FullPhotoNewController.xib; sourceTree = "<group>"; };
		41C36EC2267BC6A6008BE270 /* FullPhotoNewController.swift */ = {isa = PBXFileReference; fileEncoding = 4; lastKnownFileType = sourcecode.swift; path = FullPhotoNewController.swift; sourceTree = "<group>"; };
/* End PBXFileReference section */

/* Begin PBXFrameworksBuildPhase section */
		41284B2E265C09070057F68E /* Frameworks */ = {
			isa = PBXFrameworksBuildPhase;
			buildActionMask = 2147483647;
			files = (
			);
			runOnlyForDeploymentPostprocessing = 0;
		};
/* End PBXFrameworksBuildPhase section */

/* Begin PBXGroup section */
		41284B28265C09070057F68E = {
			isa = PBXGroup;
			children = (
				41284B33265C09070057F68E /* LikePhoto */,
				41284B32265C09070057F68E /* Products */,
			);
			sourceTree = "<group>";
		};
		41284B32265C09070057F68E /* Products */ = {
			isa = PBXGroup;
			children = (
				41284B31265C09070057F68E /* LikePhoto.app */,
			);
			name = Products;
			sourceTree = "<group>";
		};
		41284B33265C09070057F68E /* LikePhoto */ = {
			isa = PBXGroup;
			children = (
				41C36EA326727436008BE270 /* Controllers */,
				41769D0F2665648000983957 /* Extensions */,
				41284B48265C091D0057F68E /* Support Files */,
				41284B3A265C09070057F68E /* Main.storyboard */,
				41284B42265C09080057F68E /* Info.plist */,
			);
			path = LikePhoto;
			sourceTree = "<group>";
		};
		41284B48265C091D0057F68E /* Support Files */ = {
			isa = PBXGroup;
			children = (
				41284B3D265C09080057F68E /* Assets.xcassets */,
				41284B3F265C09080057F68E /* LaunchScreen.storyboard */,
				41284B34265C09070057F68E /* AppDelegate.swift */,
				41284B36265C09070057F68E /* SceneDelegate.swift */,
				41284B4E265C2FDC0057F68E /* UITableView+Extensions.swift */,
			);
			path = "Support Files";
			sourceTree = "<group>";
		};
		41284B49265C094B0057F68E /* Listing Controller */ = {
			isa = PBXGroup;
			children = (
				415815E02669391C00EE9F9B /* ListingControllerModel.swift */,
				41284B38265C09070057F68E /* ListingViewController.swift */,
				41284B4A265C14BB0057F68E /* ListingCell.swift */,
				41284B4B265C14BB0057F68E /* ListingCell.xib */,
			);
			path = "Listing Controller";
			sourceTree = "<group>";
		};
		415815E32669572400EE9F9B /* Comment Controller */ = {
			isa = PBXGroup;
			children = (
				415815E42669573D00EE9F9B /* CommentViewController.swift */,
				415815E52669573D00EE9F9B /* CommentViewController.xib */,
			);
			path = "Comment Controller";
			sourceTree = "<group>";
		};
		41769D0F2665648000983957 /* Extensions */ = {
			isa = PBXGroup;
			children = (
				41769D102665649D00983957 /* UILabel+Extensions.swift */,
				41A2DBBE266E93FE00F1BD07 /* NewString+Extension.swift */,
			);
			path = Extensions;
			sourceTree = "<group>";
		};
		41A2DBB5266E7FE200F1BD07 /* Login Controller */ = {
			isa = PBXGroup;
			children = (
				41A2DBBB266E836400F1BD07 /* LoginViewController.swift */,
				41A2DBBA266E836400F1BD07 /* LoginViewController.xib */,
			);
			path = "Login Controller";
			sourceTree = "<group>";
		};
		41A2DBC0266EA04F00F1BD07 /* MainTabBar */ = {
			isa = PBXGroup;
			children = (
				41A2DBC1266EA06300F1BD07 /* MainTabBar.swift */,
			);
			path = MainTabBar;
			sourceTree = "<group>";
		};
		41C36EA326727436008BE270 /* Controllers */ = {
			isa = PBXGroup;
			children = (
				41C36EBC267BC604008BE270 /* Fullscreen Photo */,
				41C36EA42672744E008BE270 /* Profile Controller */,
				415815E32669572400EE9F9B /* Comment Controller */,
				41284B49265C094B0057F68E /* Listing Controller */,
				41A2DBC0266EA04F00F1BD07 /* MainTabBar */,
				41A2DBB5266E7FE200F1BD07 /* Login Controller */,
			);
			path = Controllers;
			sourceTree = "<group>";
		};
		41C36EA42672744E008BE270 /* Profile Controller */ = {
			isa = PBXGroup;
			children = (
				41C36EA726727C95008BE270 /* Cells */,
				41C36EA52672746D008BE270 /* ProfileViewController.swift */,
			);
			path = "Profile Controller";
			sourceTree = "<group>";
		};
		41C36EA726727C95008BE270 /* Cells */ = {
			isa = PBXGroup;
			children = (
				41C36EAC2672812E008BE270 /* ProfileMainInfoCell.swift */,
				41C36EAD2672812E008BE270 /* ProfileMainInfoCell.xib */,
				41C36EB42677BCCF008BE270 /* ProfilePhotosCell.swift */,
				41C36EB52677BCD0008BE270 /* ProfilePhotosCell.xib */,
				41C36EB82677C3D2008BE270 /* PhotoCollectionViewCell.swift */,
				41C36EB92677C3D2008BE270 /* PhotoCollectionViewCell.xib */,
			);
			path = Cells;
			sourceTree = "<group>";
		};
		41C36EBC267BC604008BE270 /* Fullscreen Photo */ = {
			isa = PBXGroup;
			children = (
				41C36EC2267BC6A6008BE270 /* FullPhotoNewController.swift */,
				41C36EC1267BC6A6008BE270 /* FullPhotoNewController.xib */,
			);
			path = "Fullscreen Photo";
			sourceTree = "<group>";
		};
/* End PBXGroup section */

/* Begin PBXNativeTarget section */
		41284B30265C09070057F68E /* LikePhoto */ = {
			isa = PBXNativeTarget;
			buildConfigurationList = 41284B45265C09080057F68E /* Build configuration list for PBXNativeTarget "LikePhoto" */;
			buildPhases = (
				41284B2D265C09070057F68E /* Sources */,
				41284B2E265C09070057F68E /* Frameworks */,
				41284B2F265C09070057F68E /* Resources */,
			);
			buildRules = (
			);
			dependencies = (
			);
			name = LikePhoto;
			productName = InstaApp;
			productReference = 41284B31265C09070057F68E /* LikePhoto.app */;
			productType = "com.apple.product-type.application";
		};
/* End PBXNativeTarget section */

/* Begin PBXProject section */
		41284B29265C09070057F68E /* Project object */ = {
			isa = PBXProject;
			attributes = {
				LastSwiftUpdateCheck = 1250;
				LastUpgradeCheck = 1250;
				TargetAttributes = {
					41284B30265C09070057F68E = {
						CreatedOnToolsVersion = 12.5;
					};
				};
			};
			buildConfigurationList = 41284B2C265C09070057F68E /* Build configuration list for PBXProject "LikePhoto" */;
			compatibilityVersion = "Xcode 9.3";
			developmentRegion = en;
			hasScannedForEncodings = 0;
			knownRegions = (
				en,
				Base,
			);
			mainGroup = 41284B28265C09070057F68E;
			productRefGroup = 41284B32265C09070057F68E /* Products */;
			projectDirPath = "";
			projectRoot = "";
			targets = (
				41284B30265C09070057F68E /* LikePhoto */,
			);
		};
/* End PBXProject section */

/* Begin PBXResourcesBuildPhase section */
		41284B2F265C09070057F68E /* Resources */ = {
			isa = PBXResourcesBuildPhase;
			buildActionMask = 2147483647;
			files = (
				41284B41265C09080057F68E /* LaunchScreen.storyboard in Resources */,
				41C36EAF2672812E008BE270 /* ProfileMainInfoCell.xib in Resources */,
				41284B3E265C09080057F68E /* Assets.xcassets in Resources */,
				41C36EBB2677C3D2008BE270 /* PhotoCollectionViewCell.xib in Resources */,
				41A2DBBC266E836400F1BD07 /* LoginViewController.xib in Resources */,
				41C36EB72677BCD0008BE270 /* ProfilePhotosCell.xib in Resources */,
				415815E72669573D00EE9F9B /* CommentViewController.xib in Resources */,
				41284B4D265C14BB0057F68E /* ListingCell.xib in Resources */,
				41C36EC3267BC6A6008BE270 /* FullPhotoNewController.xib in Resources */,
				41284B3C265C09070057F68E /* Main.storyboard in Resources */,
			);
			runOnlyForDeploymentPostprocessing = 0;
		};
/* End PBXResourcesBuildPhase section */

/* Begin PBXSourcesBuildPhase section */
		41284B2D265C09070057F68E /* Sources */ = {
			isa = PBXSourcesBuildPhase;
			buildActionMask = 2147483647;
			files = (
				41A2DBBD266E836400F1BD07 /* LoginViewController.swift in Sources */,
				415815E62669573D00EE9F9B /* CommentViewController.swift in Sources */,
				41769D112665649D00983957 /* UILabel+Extensions.swift in Sources */,
				41284B4F265C2FDC0057F68E /* UITableView+Extensions.swift in Sources */,
				41A2DBC2266EA06300F1BD07 /* MainTabBar.swift in Sources */,
				41284B39265C09070057F68E /* ListingViewController.swift in Sources */,
				41C36EB62677BCD0008BE270 /* ProfilePhotosCell.swift in Sources */,
				41C36EA62672746D008BE270 /* ProfileViewController.swift in Sources */,
				41C36EC4267BC6A6008BE270 /* FullPhotoNewController.swift in Sources */,
				41A2DBBF266E93FE00F1BD07 /* NewString+Extension.swift in Sources */,
				415815E12669391C00EE9F9B /* ListingControllerModel.swift in Sources */,
				41284B35265C09070057F68E /* AppDelegate.swift in Sources */,
				41C36EBA2677C3D2008BE270 /* PhotoCollectionViewCell.swift in Sources */,
				41284B4C265C14BB0057F68E /* ListingCell.swift in Sources */,
				41284B37265C09070057F68E /* SceneDelegate.swift in Sources */,
				41C36EAE2672812E008BE270 /* ProfileMainInfoCell.swift in Sources */,
			);
			runOnlyForDeploymentPostprocessing = 0;
		};
/* End PBXSourcesBuildPhase section */

/* Begin PBXVariantGroup section */
		41284B3A265C09070057F68E /* Main.storyboard */ = {
			isa = PBXVariantGroup;
			children = (
				41284B3B265C09070057F68E /* Base */,
			);
			name = Main.storyboard;
			sourceTree = "<group>";
		};
		41284B3F265C09080057F68E /* LaunchScreen.storyboard */ = {
			isa = PBXVariantGroup;
			children = (
				41284B40265C09080057F68E /* Base */,
			);
			name = LaunchScreen.storyboard;
			sourceTree = "<group>";
		};
/* End PBXVariantGroup section */

/* Begin XCBuildConfiguration section */
		41284B43265C09080057F68E /* Debug */ = {
			isa = XCBuildConfiguration;
			buildSettings = {
				ALWAYS_SEARCH_USER_PATHS = NO;
				CLANG_ANALYZER_NONNULL = YES;
				CLANG_ANALYZER_NUMBER_OBJECT_CONVERSION = YES_AGGRESSIVE;
				CLANG_CXX_LANGUAGE_STANDARD = "gnu++14";
				CLANG_CXX_LIBRARY = "libc++";
				CLANG_ENABLE_MODULES = YES;
				CLANG_ENABLE_OBJC_ARC = YES;
				CLANG_ENABLE_OBJC_WEAK = YES;
				CLANG_WARN_BLOCK_CAPTURE_AUTORELEASING = YES;
				CLANG_WARN_BOOL_CONVERSION = YES;
				CLANG_WARN_COMMA = YES;
				CLANG_WARN_CONSTANT_CONVERSION = YES;
				CLANG_WARN_DEPRECATED_OBJC_IMPLEMENTATIONS = YES;
				CLANG_WARN_DIRECT_OBJC_ISA_USAGE = YES_ERROR;
				CLANG_WARN_DOCUMENTATION_COMMENTS = YES;
				CLANG_WARN_EMPTY_BODY = YES;
				CLANG_WARN_ENUM_CONVERSION = YES;
				CLANG_WARN_INFINITE_RECURSION = YES;
				CLANG_WARN_INT_CONVERSION = YES;
				CLANG_WARN_NON_LITERAL_NULL_CONVERSION = YES;
				CLANG_WARN_OBJC_IMPLICIT_RETAIN_SELF = YES;
				CLANG_WARN_OBJC_LITERAL_CONVERSION = YES;
				CLANG_WARN_OBJC_ROOT_CLASS = YES_ERROR;
				CLANG_WARN_QUOTED_INCLUDE_IN_FRAMEWORK_HEADER = YES;
				CLANG_WARN_RANGE_LOOP_ANALYSIS = YES;
				CLANG_WARN_STRICT_PROTOTYPES = YES;
				CLANG_WARN_SUSPICIOUS_MOVE = YES;
				CLANG_WARN_UNGUARDED_AVAILABILITY = YES_AGGRESSIVE;
				CLANG_WARN_UNREACHABLE_CODE = YES;
				CLANG_WARN__DUPLICATE_METHOD_MATCH = YES;
				COPY_PHASE_STRIP = NO;
				DEBUG_INFORMATION_FORMAT = dwarf;
				ENABLE_STRICT_OBJC_MSGSEND = YES;
				ENABLE_TESTABILITY = YES;
				GCC_C_LANGUAGE_STANDARD = gnu11;
				GCC_DYNAMIC_NO_PIC = NO;
				GCC_NO_COMMON_BLOCKS = YES;
				GCC_OPTIMIZATION_LEVEL = 0;
				GCC_PREPROCESSOR_DEFINITIONS = (
					"DEBUG=1",
					"$(inherited)",
				);
				GCC_WARN_64_TO_32_BIT_CONVERSION = YES;
				GCC_WARN_ABOUT_RETURN_TYPE = YES_ERROR;
				GCC_WARN_UNDECLARED_SELECTOR = YES;
				GCC_WARN_UNINITIALIZED_AUTOS = YES_AGGRESSIVE;
				GCC_WARN_UNUSED_FUNCTION = YES;
				GCC_WARN_UNUSED_VARIABLE = YES;
				IPHONEOS_DEPLOYMENT_TARGET = 14.5;
				MTL_ENABLE_DEBUG_INFO = INCLUDE_SOURCE;
				MTL_FAST_MATH = YES;
				ONLY_ACTIVE_ARCH = YES;
				SDKROOT = iphoneos;
				SWIFT_ACTIVE_COMPILATION_CONDITIONS = DEBUG;
				SWIFT_OPTIMIZATION_LEVEL = "-Onone";
			};
			name = Debug;
		};
		41284B44265C09080057F68E /* Release */ = {
			isa = XCBuildConfiguration;
			buildSettings = {
				ALWAYS_SEARCH_USER_PATHS = NO;
				CLANG_ANALYZER_NONNULL = YES;
				CLANG_ANALYZER_NUMBER_OBJECT_CONVERSION = YES_AGGRESSIVE;
				CLANG_CXX_LANGUAGE_STANDARD = "gnu++14";
				CLANG_CXX_LIBRARY = "libc++";
				CLANG_ENABLE_MODULES = YES;
				CLANG_ENABLE_OBJC_ARC = YES;
				CLANG_ENABLE_OBJC_WEAK = YES;
				CLANG_WARN_BLOCK_CAPTURE_AUTORELEASING = YES;
				CLANG_WARN_BOOL_CONVERSION = YES;
				CLANG_WARN_COMMA = YES;
				CLANG_WARN_CONSTANT_CONVERSION = YES;
				CLANG_WARN_DEPRECATED_OBJC_IMPLEMENTATIONS = YES;
				CLANG_WARN_DIRECT_OBJC_ISA_USAGE = YES_ERROR;
				CLANG_WARN_DOCUMENTATION_COMMENTS = YES;
				CLANG_WARN_EMPTY_BODY = YES;
				CLANG_WARN_ENUM_CONVERSION = YES;
				CLANG_WARN_INFINITE_RECURSION = YES;
				CLANG_WARN_INT_CONVERSION = YES;
				CLANG_WARN_NON_LITERAL_NULL_CONVERSION = YES;
				CLANG_WARN_OBJC_IMPLICIT_RETAIN_SELF = YES;
				CLANG_WARN_OBJC_LITERAL_CONVERSION = YES;
				CLANG_WARN_OBJC_ROOT_CLASS = YES_ERROR;
				CLANG_WARN_QUOTED_INCLUDE_IN_FRAMEWORK_HEADER = YES;
				CLANG_WARN_RANGE_LOOP_ANALYSIS = YES;
				CLANG_WARN_STRICT_PROTOTYPES = YES;
				CLANG_WARN_SUSPICIOUS_MOVE = YES;
				CLANG_WARN_UNGUARDED_AVAILABILITY = YES_AGGRESSIVE;
				CLANG_WARN_UNREACHABLE_CODE = YES;
				CLANG_WARN__DUPLICATE_METHOD_MATCH = YES;
				COPY_PHASE_STRIP = NO;
				DEBUG_INFORMATION_FORMAT = "dwarf-with-dsym";
				ENABLE_NS_ASSERTIONS = NO;
				ENABLE_STRICT_OBJC_MSGSEND = YES;
				GCC_C_LANGUAGE_STANDARD = gnu11;
				GCC_NO_COMMON_BLOCKS = YES;
				GCC_WARN_64_TO_32_BIT_CONVERSION = YES;
				GCC_WARN_ABOUT_RETURN_TYPE = YES_ERROR;
				GCC_WARN_UNDECLARED_SELECTOR = YES;
				GCC_WARN_UNINITIALIZED_AUTOS = YES_AGGRESSIVE;
				GCC_WARN_UNUSED_FUNCTION = YES;
				GCC_WARN_UNUSED_VARIABLE = YES;
				IPHONEOS_DEPLOYMENT_TARGET = 14.5;
				MTL_ENABLE_DEBUG_INFO = NO;
				MTL_FAST_MATH = YES;
				SDKROOT = iphoneos;
				SWIFT_COMPILATION_MODE = wholemodule;
				SWIFT_OPTIMIZATION_LEVEL = "-O";
				VALIDATE_PRODUCT = YES;
			};
			name = Release;
		};
		41284B46265C09080057F68E /* Debug */ = {
			isa = XCBuildConfiguration;
			buildSettings = {
				ASSETCATALOG_COMPILER_APPICON_NAME = AppIcon;
				ASSETCATALOG_COMPILER_GLOBAL_ACCENT_COLOR_NAME = AccentColor;
				CODE_SIGN_STYLE = Automatic;
				INFOPLIST_FILE = "$(SRCROOT)/LikePhoto/Info.plist";
				LD_RUNPATH_SEARCH_PATHS = (
					"$(inherited)",
					"@executable_path/Frameworks",
				);
				PRODUCT_BUNDLE_IDENTIFIER = AE.InstaApp;
				PRODUCT_NAME = "$(TARGET_NAME)";
				SWIFT_VERSION = 5.0;
				TARGETED_DEVICE_FAMILY = "1,2";
			};
			name = Debug;
		};
		41284B47265C09080057F68E /* Release */ = {
			isa = XCBuildConfiguration;
			buildSettings = {
				ASSETCATALOG_COMPILER_APPICON_NAME = AppIcon;
				ASSETCATALOG_COMPILER_GLOBAL_ACCENT_COLOR_NAME = AccentColor;
				CODE_SIGN_STYLE = Automatic;
				INFOPLIST_FILE = "$(SRCROOT)/LikePhoto/Info.plist";
				LD_RUNPATH_SEARCH_PATHS = (
					"$(inherited)",
					"@executable_path/Frameworks",
				);
				PRODUCT_BUNDLE_IDENTIFIER = AE.InstaApp;
				PRODUCT_NAME = "$(TARGET_NAME)";
				SWIFT_VERSION = 5.0;
				TARGETED_DEVICE_FAMILY = "1,2";
			};
			name = Release;
		};
/* End XCBuildConfiguration section */

/* Begin XCConfigurationList section */
		41284B2C265C09070057F68E /* Build configuration list for PBXProject "LikePhoto" */ = {
			isa = XCConfigurationList;
			buildConfigurations = (
				41284B43265C09080057F68E /* Debug */,
				41284B44265C09080057F68E /* Release */,
			);
			defaultConfigurationIsVisible = 0;
			defaultConfigurationName = Release;
		};
		41284B45265C09080057F68E /* Build configuration list for PBXNativeTarget "LikePhoto" */ = {
			isa = XCConfigurationList;
			buildConfigurations = (
				41284B46265C09080057F68E /* Debug */,
				41284B47265C09080057F68E /* Release */,
			);
			defaultConfigurationIsVisible = 0;
			defaultConfigurationName = Release;
		};
/* End XCConfigurationList section */
	};
	rootObject = 41284B29265C09070057F68E /* Project object */;
}
