// !$*UTF8*$!
{
	archiveVersion = 1;
	classes = {
	};
	objectVersion = 55;
	objects = {

/* Begin PBXBuildFile section */
		00A734A1280DB26600CCD087 /* PhotoAppFinalApp.swift in Sources */ = {isa = PBXBuildFile; fileRef = 00A734A0280DB26600CCD087 /* PhotoAppFinalApp.swift */; };
		00A734A3280DB26600CCD087 /* ContentView.swift in Sources */ = {isa = PBXBuildFile; fileRef = 00A734A2280DB26600CCD087 /* ContentView.swift */; };
		00A734A5280DB26900CCD087 /* Assets.xcassets in Resources */ = {isa = PBXBuildFile; fileRef = 00A734A4280DB26900CCD087 /* Assets.xcassets */; };
		00A734A8280DB26900CCD087 /* Preview Assets.xcassets in Resources */ = {isa = PBXBuildFile; fileRef = 00A734A7280DB26900CCD087 /* Preview Assets.xcassets */; };
		00A734B3280DBBB200CCD087 /* Credentials.swift in Sources */ = {isa = PBXBuildFile; fileRef = 00A734B2280DBBB200CCD087 /* Credentials.swift */; };
		00A734B6280DBC5B00CCD087 /* APIService.swift in Sources */ = {isa = PBXBuildFile; fileRef = 00A734B5280DBC5B00CCD087 /* APIService.swift */; };
		00A734B8280DBF1200CCD087 /* UIApplication+Extension.swift in Sources */ = {isa = PBXBuildFile; fileRef = 00A734B7280DBF1200CCD087 /* UIApplication+Extension.swift */; };
		00A734BA280DC08400CCD087 /* LoginViewModel.swift in Sources */ = {isa = PBXBuildFile; fileRef = 00A734B9280DC08400CCD087 /* LoginViewModel.swift */; };
		00A734BC280DC39500CCD087 /* LoginView.swift in Sources */ = {isa = PBXBuildFile; fileRef = 00A734BB280DC39500CCD087 /* LoginView.swift */; };
		00A734BE280DCA1600CCD087 /* Authentication.swift in Sources */ = {isa = PBXBuildFile; fileRef = 00A734BD280DCA1600CCD087 /* Authentication.swift */; };
		00A734C1280DE24400CCD087 /* SDWebImageSwiftUI in Frameworks */ = {isa = PBXBuildFile; productRef = 00A734C0280DE24400CCD087 /* SDWebImageSwiftUI */; };
		00DC02CF280EDAE4000B7208 /* ImagePicker.swift in Sources */ = {isa = PBXBuildFile; fileRef = 00DC02CE280EDAE4000B7208 /* ImagePicker.swift */; };
		00DC02D2280EDBE8000B7208 /* SDWebImageSwiftUI in Frameworks */ = {isa = PBXBuildFile; productRef = 00DC02D1280EDBE8000B7208 /* SDWebImageSwiftUI */; };
/* End PBXBuildFile section */

/* Begin PBXFileReference section */
		00A7349D280DB26600CCD087 /* PhotoAppFinal.app */ = {isa = PBXFileReference; explicitFileType = wrapper.application; includeInIndex = 0; path = PhotoAppFinal.app; sourceTree = BUILT_PRODUCTS_DIR; };
		00A734A0280DB26600CCD087 /* PhotoAppFinalApp.swift */ = {isa = PBXFileReference; lastKnownFileType = sourcecode.swift; path = PhotoAppFinalApp.swift; sourceTree = "<group>"; };
		00A734A2280DB26600CCD087 /* ContentView.swift */ = {isa = PBXFileReference; lastKnownFileType = sourcecode.swift; path = ContentView.swift; sourceTree = "<group>"; };
		00A734A4280DB26900CCD087 /* Assets.xcassets */ = {isa = PBXFileReference; lastKnownFileType = folder.assetcatalog; path = Assets.xcassets; sourceTree = "<group>"; };
		00A734A7280DB26900CCD087 /* Preview Assets.xcassets */ = {isa = PBXFileReference; lastKnownFileType = folder.assetcatalog; path = "Preview Assets.xcassets"; sourceTree = "<group>"; };
		00A734B2280DBBB200CCD087 /* Credentials.swift */ = {isa = PBXFileReference; lastKnownFileType = sourcecode.swift; path = Credentials.swift; sourceTree = "<group>"; };
		00A734B5280DBC5B00CCD087 /* APIService.swift */ = {isa = PBXFileReference; lastKnownFileType = sourcecode.swift; path = APIService.swift; sourceTree = "<group>"; };
		00A734B7280DBF1200CCD087 /* UIApplication+Extension.swift */ = {isa = PBXFileReference; lastKnownFileType = sourcecode.swift; path = "UIApplication+Extension.swift"; sourceTree = "<group>"; };
		00A734B9280DC08400CCD087 /* LoginViewModel.swift */ = {isa = PBXFileReference; lastKnownFileType = sourcecode.swift; path = LoginViewModel.swift; sourceTree = "<group>"; };
		00A734BB280DC39500CCD087 /* LoginView.swift */ = {isa = PBXFileReference; lastKnownFileType = sourcecode.swift; path = LoginView.swift; sourceTree = "<group>"; };
		00A734BD280DCA1600CCD087 /* Authentication.swift */ = {isa = PBXFileReference; lastKnownFileType = sourcecode.swift; path = Authentication.swift; sourceTree = "<group>"; };
		00DC02CE280EDAE4000B7208 /* ImagePicker.swift */ = {isa = PBXFileReference; lastKnownFileType = sourcecode.swift; path = ImagePicker.swift; sourceTree = "<group>"; };
/* End PBXFileReference section */

/* Begin PBXFrameworksBuildPhase section */
		00A7349A280DB26600CCD087 /* Frameworks */ = {
			isa = PBXFrameworksBuildPhase;
			buildActionMask = 2147483647;
			files = (
				00DC02D2280EDBE8000B7208 /* SDWebImageSwiftUI in Frameworks */,
				00A734C1280DE24400CCD087 /* SDWebImageSwiftUI in Frameworks */,
			);
			runOnlyForDeploymentPostprocessing = 0;
		};
/* End PBXFrameworksBuildPhase section */

/* Begin PBXGroup section */
		00A73494280DB26600CCD087 = {
			isa = PBXGroup;
			children = (
				00A7349F280DB26600CCD087 /* PhotoAppFinal */,
				00A7349E280DB26600CCD087 /* Products */,
			);
			sourceTree = "<group>";
		};
		00A7349E280DB26600CCD087 /* Products */ = {
			isa = PBXGroup;
			children = (
				00A7349D280DB26600CCD087 /* PhotoAppFinal.app */,
			);
			name = Products;
			sourceTree = "<group>";
		};
		00A7349F280DB26600CCD087 /* PhotoAppFinal */ = {
			isa = PBXGroup;
			children = (
				00DC02CE280EDAE4000B7208 /* ImagePicker.swift */,
				00A734A0280DB26600CCD087 /* PhotoAppFinalApp.swift */,
				00A734BD280DCA1600CCD087 /* Authentication.swift */,
				00A734B4280DBC2000CCD087 /* Services */,
				00A734B1280DBB9100CCD087 /* Models */,
				00A734B0280DBB6000CCD087 /* Views */,
				00A734A4280DB26900CCD087 /* Assets.xcassets */,
				00A734A6280DB26900CCD087 /* Preview Content */,
			);
			path = PhotoAppFinal;
			sourceTree = "<group>";
		};
		00A734A6280DB26900CCD087 /* Preview Content */ = {
			isa = PBXGroup;
			children = (
				00A734A7280DB26900CCD087 /* Preview Assets.xcassets */,
			);
			path = "Preview Content";
			sourceTree = "<group>";
		};
		00A734B0280DBB6000CCD087 /* Views */ = {
			isa = PBXGroup;
			children = (
				00A734A2280DB26600CCD087 /* ContentView.swift */,
				00A734B9280DC08400CCD087 /* LoginViewModel.swift */,
				00A734BB280DC39500CCD087 /* LoginView.swift */,
			);
			path = Views;
			sourceTree = "<group>";
		};
		00A734B1280DBB9100CCD087 /* Models */ = {
			isa = PBXGroup;
			children = (
				00A734B2280DBBB200CCD087 /* Credentials.swift */,
			);
			path = Models;
			sourceTree = "<group>";
		};
		00A734B4280DBC2000CCD087 /* Services */ = {
			isa = PBXGroup;
			children = (
				00A734B5280DBC5B00CCD087 /* APIService.swift */,
				00A734B7280DBF1200CCD087 /* UIApplication+Extension.swift */,
			);
			path = Services;
			sourceTree = "<group>";
		};
/* End PBXGroup section */

/* Begin PBXNativeTarget section */
		00A7349C280DB26600CCD087 /* PhotoAppFinal */ = {
			isa = PBXNativeTarget;
			buildConfigurationList = 00A734AB280DB26900CCD087 /* Build configuration list for PBXNativeTarget "PhotoAppFinal" */;
			buildPhases = (
				00A73499280DB26600CCD087 /* Sources */,
				00A7349A280DB26600CCD087 /* Frameworks */,
				00A7349B280DB26600CCD087 /* Resources */,
			);
			buildRules = (
			);
			dependencies = (
			);
			name = PhotoAppFinal;
			packageProductDependencies = (
				00A734C0280DE24400CCD087 /* SDWebImageSwiftUI */,
				00DC02D1280EDBE8000B7208 /* SDWebImageSwiftUI */,
			);
			productName = PhotoAppFinal;
			productReference = 00A7349D280DB26600CCD087 /* PhotoAppFinal.app */;
			productType = "com.apple.product-type.application";
		};
/* End PBXNativeTarget section */

/* Begin PBXProject section */
		00A73495280DB26600CCD087 /* Project object */ = {
			isa = PBXProject;
			attributes = {
				BuildIndependentTargetsInParallel = 1;
				LastSwiftUpdateCheck = 1330;
				LastUpgradeCheck = 1330;
				TargetAttributes = {
					00A7349C280DB26600CCD087 = {
						CreatedOnToolsVersion = 13.3.1;
					};
				};
			};
			buildConfigurationList = 00A73498280DB26600CCD087 /* Build configuration list for PBXProject "PhotoAppFinal" */;
			compatibilityVersion = "Xcode 13.0";
			developmentRegion = en;
			hasScannedForEncodings = 0;
			knownRegions = (
				en,
				Base,
			);
			mainGroup = 00A73494280DB26600CCD087;
			packageReferences = (
				00A734BF280DE24300CCD087 /* XCRemoteSwiftPackageReference "SDWebImageSwiftUI" */,
				00DC02D0280EDBE8000B7208 /* XCRemoteSwiftPackageReference "SDWebImageSwiftUI" */,
			);
			productRefGroup = 00A7349E280DB26600CCD087 /* Products */;
			projectDirPath = "";
			projectRoot = "";
			targets = (
				00A7349C280DB26600CCD087 /* PhotoAppFinal */,
			);
		};
/* End PBXProject section */

/* Begin PBXResourcesBuildPhase section */
		00A7349B280DB26600CCD087 /* Resources */ = {
			isa = PBXResourcesBuildPhase;
			buildActionMask = 2147483647;
			files = (
				00A734A8280DB26900CCD087 /* Preview Assets.xcassets in Resources */,
				00A734A5280DB26900CCD087 /* Assets.xcassets in Resources */,
			);
			runOnlyForDeploymentPostprocessing = 0;
		};
/* End PBXResourcesBuildPhase section */

/* Begin PBXSourcesBuildPhase section */
		00A73499280DB26600CCD087 /* Sources */ = {
			isa = PBXSourcesBuildPhase;
			buildActionMask = 2147483647;
			files = (
				00A734A3280DB26600CCD087 /* ContentView.swift in Sources */,
				00A734B6280DBC5B00CCD087 /* APIService.swift in Sources */,
				00A734B3280DBBB200CCD087 /* Credentials.swift in Sources */,
				00DC02CF280EDAE4000B7208 /* ImagePicker.swift in Sources */,
				00A734B8280DBF1200CCD087 /* UIApplication+Extension.swift in Sources */,
				00A734A1280DB26600CCD087 /* PhotoAppFinalApp.swift in Sources */,
				00A734BC280DC39500CCD087 /* LoginView.swift in Sources */,
				00A734BA280DC08400CCD087 /* LoginViewModel.swift in Sources */,
				00A734BE280DCA1600CCD087 /* Authentication.swift in Sources */,
			);
			runOnlyForDeploymentPostprocessing = 0;
		};
/* End PBXSourcesBuildPhase section */

/* Begin XCBuildConfiguration section */
		00A734A9280DB26900CCD087 /* Debug */ = {
			isa = XCBuildConfiguration;
			buildSettings = {
				ALWAYS_SEARCH_USER_PATHS = NO;
				CLANG_ANALYZER_NONNULL = YES;
				CLANG_ANALYZER_NUMBER_OBJECT_CONVERSION = YES_AGGRESSIVE;
				CLANG_CXX_LANGUAGE_STANDARD = "gnu++17";
				CLANG_ENABLE_MODULES = YES;
				CLANG_ENABLE_OBJC_ARC = YES;
				CLANG_ENABLE_OBJC_WEAK = YES;
				CLANG_WARN_BLOCK_CAPTURE_AUTORELEASING = YES;
				CLANG_WARN_BOOL_CONVERSION = YES;
				CLANG_WARN_COMMA = YES;
				CLANG_WARN_CONSTANT_CONVERSION = YES;
				CLANG_WARN_DEPRECATED_OBJC_IMPLEMENTATIONS = YES;
				CLANG_WARN_DIRECT_OBJC_ISA_USAGE = YES_ERROR;
				CLANG_WARN_DOCUMENTATION_COMMENTS = YES;
				CLANG_WARN_EMPTY_BODY = YES;
				CLANG_WARN_ENUM_CONVERSION = YES;
				CLANG_WARN_INFINITE_RECURSION = YES;
				CLANG_WARN_INT_CONVERSION = YES;
				CLANG_WARN_NON_LITERAL_NULL_CONVERSION = YES;
				CLANG_WARN_OBJC_IMPLICIT_RETAIN_SELF = YES;
				CLANG_WARN_OBJC_LITERAL_CONVERSION = YES;
				CLANG_WARN_OBJC_ROOT_CLASS = YES_ERROR;
				CLANG_WARN_QUOTED_INCLUDE_IN_FRAMEWORK_HEADER = YES;
				CLANG_WARN_RANGE_LOOP_ANALYSIS = YES;
				CLANG_WARN_STRICT_PROTOTYPES = YES;
				CLANG_WARN_SUSPICIOUS_MOVE = YES;
				CLANG_WARN_UNGUARDED_AVAILABILITY = YES_AGGRESSIVE;
				CLANG_WARN_UNREACHABLE_CODE = YES;
				CLANG_WARN__DUPLICATE_METHOD_MATCH = YES;
				COPY_PHASE_STRIP = NO;
				DEBUG_INFORMATION_FORMAT = dwarf;
				ENABLE_STRICT_OBJC_MSGSEND = YES;
				ENABLE_TESTABILITY = YES;
				GCC_C_LANGUAGE_STANDARD = gnu11;
				GCC_DYNAMIC_NO_PIC = NO;
				GCC_NO_COMMON_BLOCKS = YES;
				GCC_OPTIMIZATION_LEVEL = 0;
				GCC_PREPROCESSOR_DEFINITIONS = (
					"DEBUG=1",
					"$(inherited)",
				);
				GCC_WARN_64_TO_32_BIT_CONVERSION = YES;
				GCC_WARN_ABOUT_RETURN_TYPE = YES_ERROR;
				GCC_WARN_UNDECLARED_SELECTOR = YES;
				GCC_WARN_UNINITIALIZED_AUTOS = YES_AGGRESSIVE;
				GCC_WARN_UNUSED_FUNCTION = YES;
				GCC_WARN_UNUSED_VARIABLE = YES;
				IPHONEOS_DEPLOYMENT_TARGET = 15.4;
				MTL_ENABLE_DEBUG_INFO = INCLUDE_SOURCE;
				MTL_FAST_MATH = YES;
				ONLY_ACTIVE_ARCH = YES;
				SDKROOT = iphoneos;
				SWIFT_ACTIVE_COMPILATION_CONDITIONS = DEBUG;
				SWIFT_OPTIMIZATION_LEVEL = "-Onone";
			};
			name = Debug;
		};
		00A734AA280DB26900CCD087 /* Release */ = {
			isa = XCBuildConfiguration;
			buildSettings = {
				ALWAYS_SEARCH_USER_PATHS = NO;
				CLANG_ANALYZER_NONNULL = YES;
				CLANG_ANALYZER_NUMBER_OBJECT_CONVERSION = YES_AGGRESSIVE;
				CLANG_CXX_LANGUAGE_STANDARD = "gnu++17";
				CLANG_ENABLE_MODULES = YES;
				CLANG_ENABLE_OBJC_ARC = YES;
				CLANG_ENABLE_OBJC_WEAK = YES;
				CLANG_WARN_BLOCK_CAPTURE_AUTORELEASING = YES;
				CLANG_WARN_BOOL_CONVERSION = YES;
				CLANG_WARN_COMMA = YES;
				CLANG_WARN_CONSTANT_CONVERSION = YES;
				CLANG_WARN_DEPRECATED_OBJC_IMPLEMENTATIONS = YES;
				CLANG_WARN_DIRECT_OBJC_ISA_USAGE = YES_ERROR;
				CLANG_WARN_DOCUMENTATION_COMMENTS = YES;
				CLANG_WARN_EMPTY_BODY = YES;
				CLANG_WARN_ENUM_CONVERSION = YES;
				CLANG_WARN_INFINITE_RECURSION = YES;
				CLANG_WARN_INT_CONVERSION = YES;
				CLANG_WARN_NON_LITERAL_NULL_CONVERSION = YES;
				CLANG_WARN_OBJC_IMPLICIT_RETAIN_SELF = YES;
				CLANG_WARN_OBJC_LITERAL_CONVERSION = YES;
				CLANG_WARN_OBJC_ROOT_CLASS = YES_ERROR;
				CLANG_WARN_QUOTED_INCLUDE_IN_FRAMEWORK_HEADER = YES;
				CLANG_WARN_RANGE_LOOP_ANALYSIS = YES;
				CLANG_WARN_STRICT_PROTOTYPES = YES;
				CLANG_WARN_SUSPICIOUS_MOVE = YES;
				CLANG_WARN_UNGUARDED_AVAILABILITY = YES_AGGRESSIVE;
				CLANG_WARN_UNREACHABLE_CODE = YES;
				CLANG_WARN__DUPLICATE_METHOD_MATCH = YES;
				COPY_PHASE_STRIP = NO;
				DEBUG_INFORMATION_FORMAT = "dwarf-with-dsym";
				ENABLE_NS_ASSERTIONS = NO;
				ENABLE_STRICT_OBJC_MSGSEND = YES;
				GCC_C_LANGUAGE_STANDARD = gnu11;
				GCC_NO_COMMON_BLOCKS = YES;
				GCC_WARN_64_TO_32_BIT_CONVERSION = YES;
				GCC_WARN_ABOUT_RETURN_TYPE = YES_ERROR;
				GCC_WARN_UNDECLARED_SELECTOR = YES;
				GCC_WARN_UNINITIALIZED_AUTOS = YES_AGGRESSIVE;
				GCC_WARN_UNUSED_FUNCTION = YES;
				GCC_WARN_UNUSED_VARIABLE = YES;
				IPHONEOS_DEPLOYMENT_TARGET = 15.4;
				MTL_ENABLE_DEBUG_INFO = NO;
				MTL_FAST_MATH = YES;
				SDKROOT = iphoneos;
				SWIFT_COMPILATION_MODE = wholemodule;
				SWIFT_OPTIMIZATION_LEVEL = "-O";
				VALIDATE_PRODUCT = YES;
			};
			name = Release;
		};
		00A734AC280DB26900CCD087 /* Debug */ = {
			isa = XCBuildConfiguration;
			buildSettings = {
				ASSETCATALOG_COMPILER_APPICON_NAME = AppIcon;
				ASSETCATALOG_COMPILER_GLOBAL_ACCENT_COLOR_NAME = AccentColor;
				CODE_SIGN_STYLE = Automatic;
				CURRENT_PROJECT_VERSION = 1;
				DEVELOPMENT_ASSET_PATHS = "\"PhotoAppFinal/Preview Content\"";
				ENABLE_PREVIEWS = YES;
				GENERATE_INFOPLIST_FILE = YES;
				INFOPLIST_KEY_NSPhotoLibraryAddUsageDescription = "";
				INFOPLIST_KEY_UIApplicationSceneManifest_Generation = YES;
				INFOPLIST_KEY_UIApplicationSupportsIndirectInputEvents = YES;
				INFOPLIST_KEY_UILaunchScreen_Generation = YES;
				INFOPLIST_KEY_UISupportedInterfaceOrientations_iPad = "UIInterfaceOrientationPortrait UIInterfaceOrientationPortraitUpsideDown UIInterfaceOrientationLandscapeLeft UIInterfaceOrientationLandscapeRight";
				INFOPLIST_KEY_UISupportedInterfaceOrientations_iPhone = "UIInterfaceOrientationPortrait UIInterfaceOrientationLandscapeLeft UIInterfaceOrientationLandscapeRight";
				LD_RUNPATH_SEARCH_PATHS = (
					"$(inherited)",
					"@executable_path/Frameworks",
				);
				MARKETING_VERSION = 1.0;
				PRODUCT_BUNDLE_IDENTIFIER = com.techmeskills.PhotoAppFinal;
				PRODUCT_NAME = "$(TARGET_NAME)";
				SWIFT_EMIT_LOC_STRINGS = YES;
				SWIFT_VERSION = 5.0;
				TARGETED_DEVICE_FAMILY = "1,2";
			};
			name = Debug;
		};
		00A734AD280DB26900CCD087 /* Release */ = {
			isa = XCBuildConfiguration;
			buildSettings = {
				ASSETCATALOG_COMPILER_APPICON_NAME = AppIcon;
				ASSETCATALOG_COMPILER_GLOBAL_ACCENT_COLOR_NAME = AccentColor;
				CODE_SIGN_STYLE = Automatic;
				CURRENT_PROJECT_VERSION = 1;
				DEVELOPMENT_ASSET_PATHS = "\"PhotoAppFinal/Preview Content\"";
				ENABLE_PREVIEWS = YES;
				GENERATE_INFOPLIST_FILE = YES;
				INFOPLIST_KEY_NSPhotoLibraryAddUsageDescription = "";
				INFOPLIST_KEY_UIApplicationSceneManifest_Generation = YES;
				INFOPLIST_KEY_UIApplicationSupportsIndirectInputEvents = YES;
				INFOPLIST_KEY_UILaunchScreen_Generation = YES;
				INFOPLIST_KEY_UISupportedInterfaceOrientations_iPad = "UIInterfaceOrientationPortrait UIInterfaceOrientationPortraitUpsideDown UIInterfaceOrientationLandscapeLeft UIInterfaceOrientationLandscapeRight";
				INFOPLIST_KEY_UISupportedInterfaceOrientations_iPhone = "UIInterfaceOrientationPortrait UIInterfaceOrientationLandscapeLeft UIInterfaceOrientationLandscapeRight";
				LD_RUNPATH_SEARCH_PATHS = (
					"$(inherited)",
					"@executable_path/Frameworks",
				);
				MARKETING_VERSION = 1.0;
				PRODUCT_BUNDLE_IDENTIFIER = com.techmeskills.PhotoAppFinal;
				PRODUCT_NAME = "$(TARGET_NAME)";
				SWIFT_EMIT_LOC_STRINGS = YES;
				SWIFT_VERSION = 5.0;
				TARGETED_DEVICE_FAMILY = "1,2";
			};
			name = Release;
		};
/* End XCBuildConfiguration section */

/* Begin XCConfigurationList section */
		00A73498280DB26600CCD087 /* Build configuration list for PBXProject "PhotoAppFinal" */ = {
			isa = XCConfigurationList;
			buildConfigurations = (
				00A734A9280DB26900CCD087 /* Debug */,
				00A734AA280DB26900CCD087 /* Release */,
			);
			defaultConfigurationIsVisible = 0;
			defaultConfigurationName = Release;
		};
		00A734AB280DB26900CCD087 /* Build configuration list for PBXNativeTarget "PhotoAppFinal" */ = {
			isa = XCConfigurationList;
			buildConfigurations = (
				00A734AC280DB26900CCD087 /* Debug */,
				00A734AD280DB26900CCD087 /* Release */,
			);
			defaultConfigurationIsVisible = 0;
			defaultConfigurationName = Release;
		};
/* End XCConfigurationList section */

/* Begin XCRemoteSwiftPackageReference section */
		00A734BF280DE24300CCD087 /* XCRemoteSwiftPackageReference "SDWebImageSwiftUI" */ = {
			isa = XCRemoteSwiftPackageReference;
			repositoryURL = "https://github.com/SDWebImage/SDWebImageSwiftUI";
			requirement = {
				branch = master;
				kind = branch;
			};
		};
		00DC02D0280EDBE8000B7208 /* XCRemoteSwiftPackageReference "SDWebImageSwiftUI" */ = {
			isa = XCRemoteSwiftPackageReference;
			repositoryURL = "https://github.com/SDWebImage/SDWebImageSwiftUI";
			requirement = {
				branch = master;
				kind = branch;
			};
		};
/* End XCRemoteSwiftPackageReference section */

/* Begin XCSwiftPackageProductDependency section */
		00A734C0280DE24400CCD087 /* SDWebImageSwiftUI */ = {
			isa = XCSwiftPackageProductDependency;
			package = 00A734BF280DE24300CCD087 /* XCRemoteSwiftPackageReference "SDWebImageSwiftUI" */;
			productName = SDWebImageSwiftUI;
		};
		00DC02D1280EDBE8000B7208 /* SDWebImageSwiftUI */ = {
			isa = XCSwiftPackageProductDependency;
			package = 00A734BF280DE24300CCD087 /* XCRemoteSwiftPackageReference "SDWebImageSwiftUI" */;
			productName = SDWebImageSwiftUI;
		};
/* End XCSwiftPackageProductDependency section */
	};
	rootObject = 00A73495280DB26600CCD087 /* Project object */;
}
